
Microsoft Visual Studio Solution File, Format Version 12.00
# Visual Studio Version 17
VisualStudioVersion = 17.14.36705.20 d17.14
MinimumVisualStudioVersion = 10.0.40219.1
Project("{FAE04EC0-301F-11D3-BF4B-00C04F79EFBC}") = "SphereTable_kendo", "SphereTable_kendo.csproj", "{F7E5BFEF-C27A-49B1-B260-16012F98EC4A}"
EndProject
Global
	GlobalSection(SolutionConfigurationPlatforms) = preSolution
		Debug|Any CPU = Debug|Any CPU
		Release|Any CPU = Release|Any CPU
	EndGlobalSection
	GlobalSection(ProjectConfigurationPlatforms) = postSolution
		{F7E5BFEF-C27A-49B1-B260-16012F98EC4A}.Debug|Any CPU.ActiveCfg = Debug|Any CPU
		{F7E5BFEF-C27A-49B1-B260-16012F98EC4A}.Debug|Any CPU.Build.0 = Debug|Any CPU
		{F7E5BFEF-C27A-49B1-B260-16012F98EC4A}.Release|Any CPU.ActiveCfg = Release|Any CPU
		{F7E5BFEF-C27A-49B1-B260-16012F98EC4A}.Release|Any CPU.Build.0 = Release|Any CPU
	EndGlobalSection
	GlobalSection(SolutionProperties) = preSolution
		HideSolutionNode = FALSE
	EndGlobalSection
	GlobalSection(ExtensibilityGlobals) = postSolution
		SolutionGuid = {BC098EA8-E7DE-44CC-B2C3-A33FD19D516B}
	EndGlobalSection
EndGlobal
